
Microsoft Visual Studio Solution File, Format Version 12.00
# Visual Studio Version 16
VisualStudioVersion = 16.0.29609.76
MinimumVisualStudioVersion = 10.0.40219.1
Project("{9A19103F-16F7-4668-BE54-9A1E7A4F7556}") = "Wjire.Db", "Wjire.Db\Wjire.Db.csproj", "{B450F31C-54BD-4B35-B292-E8832FC9497D}"
EndProject
Project("{9A19103F-16F7-4668-BE54-9A1E7A4F7556}") = "Wjire.Db.Dapper.SqlServer", "Wjire.Db.Dapper.SqlServer\Wjire.Db.Dapper.SqlServer.csproj", "{F3A31AB7-CF89-40BE-AEB1-87C7D257C71F}"
EndProject
Global
	GlobalSection(SolutionConfigurationPlatforms) = preSolution
		Debug|Any CPU = Debug|Any CPU
		Release|Any CPU = Release|Any CPU
	EndGlobalSection
	GlobalSection(ProjectConfigurationPlatforms) = postSolution
		{B450F31C-54BD-4B35-B292-E8832FC9497D}.Debug|Any CPU.ActiveCfg = Debug|Any CPU
		{B450F31C-54BD-4B35-B292-E8832FC9497D}.Debug|Any CPU.Build.0 = Debug|Any CPU
		{B450F31C-54BD-4B35-B292-E8832FC9497D}.Release|Any CPU.ActiveCfg = Release|Any CPU
		{B450F31C-54BD-4B35-B292-E8832FC9497D}.Release|Any CPU.Build.0 = Release|Any CPU
		{F3A31AB7-CF89-40BE-AEB1-87C7D257C71F}.Debug|Any CPU.ActiveCfg = Debug|Any CPU
		{F3A31AB7-CF89-40BE-AEB1-87C7D257C71F}.Debug|Any CPU.Build.0 = Debug|Any CPU
		{F3A31AB7-CF89-40BE-AEB1-87C7D257C71F}.Release|Any CPU.ActiveCfg = Release|Any CPU
		{F3A31AB7-CF89-40BE-AEB1-87C7D257C71F}.Release|Any CPU.Build.0 = Release|Any CPU
	EndGlobalSection
	GlobalSection(SolutionProperties) = preSolution
		HideSolutionNode = FALSE
	EndGlobalSection
	GlobalSection(ExtensibilityGlobals) = postSolution
		SolutionGuid = {676DFEF9-C7C0-4C45-8597-9ADA5389F8B8}
	EndGlobalSection
EndGlobal
